
Microsoft Visual Studio Solution File, Format Version 12.00
# Visual Studio Version 16
VisualStudioVersion = 16.0.30621.155
MinimumVisualStudioVersion = 10.0.40219.1
Project("{FAE04EC0-301F-11D3-BF4B-00C04F79EFBC}") = "apnetTareasMVC_CRUD", "apnetTareasMVC_CRUD.csproj", "{F276C0B2-A72C-4127-8D7A-7B19C42243CC}"
EndProject
Global
	GlobalSection(SolutionConfigurationPlatforms) = preSolution
		Debug|Any CPU = Debug|Any CPU
		Release|Any CPU = Release|Any CPU
	EndGlobalSection
	GlobalSection(ProjectConfigurationPlatforms) = postSolution
		{F276C0B2-A72C-4127-8D7A-7B19C42243CC}.Debug|Any CPU.ActiveCfg = Debug|Any CPU
		{F276C0B2-A72C-4127-8D7A-7B19C42243CC}.Debug|Any CPU.Build.0 = Debug|Any CPU
		{F276C0B2-A72C-4127-8D7A-7B19C42243CC}.Release|Any CPU.ActiveCfg = Release|Any CPU
		{F276C0B2-A72C-4127-8D7A-7B19C42243CC}.Release|Any CPU.Build.0 = Release|Any CPU
	EndGlobalSection
	GlobalSection(SolutionProperties) = preSolution
		HideSolutionNode = FALSE
	EndGlobalSection
	GlobalSection(ExtensibilityGlobals) = postSolution
		SolutionGuid = {5209061D-7A3C-4D50-B9F8-71DDDCC18DF2}
	EndGlobalSection
EndGlobal
